
Microsoft Visual Studio Solution File, Format Version 12.00
# Visual Studio 15
VisualStudioVersion = 15.0.28010.0
MinimumVisualStudioVersion = 10.0.40219.1
Project("{888888A0-9F3D-457C-B088-3A5042F75D52}") = "main", "src\main.pyproj", "{FBD84333-C0FF-405A-8826-85A5675A6F4A}"
EndProject
Project("{FAE04EC0-301F-11D3-BF4B-00C04F79EFBC}") = "trader", "..\cs-lib-bitcoin-predictions\omittones\trader\trader.csproj", "{F421E852-A95C-492A-9381-1635421235CE}"
EndProject
Global
	GlobalSection(SolutionConfigurationPlatforms) = preSolution
		Debug|Any CPU = Debug|Any CPU
		Release|Any CPU = Release|Any CPU
	EndGlobalSection
	GlobalSection(ProjectConfigurationPlatforms) = postSolution
		{FBD84333-C0FF-405A-8826-85A5675A6F4A}.Debug|Any CPU.ActiveCfg = Debug|Any CPU
		{FBD84333-C0FF-405A-8826-85A5675A6F4A}.Release|Any CPU.ActiveCfg = Release|Any CPU
		{F421E852-A95C-492A-9381-1635421235CE}.Debug|Any CPU.ActiveCfg = Debug|Any CPU
		{F421E852-A95C-492A-9381-1635421235CE}.Debug|Any CPU.Build.0 = Debug|Any CPU
		{F421E852-A95C-492A-9381-1635421235CE}.Release|Any CPU.ActiveCfg = Release|Any CPU
		{F421E852-A95C-492A-9381-1635421235CE}.Release|Any CPU.Build.0 = Release|Any CPU
	EndGlobalSection
	GlobalSection(SolutionProperties) = preSolution
		HideSolutionNode = FALSE
	EndGlobalSection
	GlobalSection(ExtensibilityGlobals) = postSolution
		SolutionGuid = {B29D21EC-3CD5-4CDF-A028-C1F77A2004FC}
	EndGlobalSection
EndGlobal
